// !$*UTF8*$!
{
	archiveVersion = 1;
	classes = {
	};
	objectVersion = 55;
	objects = {

/* Begin PBXBuildFile section */
		B813FD7D283A5021009F8CF0 /* PresentationView.swift in Sources */ = {isa = PBXBuildFile; fileRef = B813FD7C283A5021009F8CF0 /* PresentationView.swift */; };
		B813FD81283AB730009F8CF0 /* GalleryNewslineModel.swift in Sources */ = {isa = PBXBuildFile; fileRef = B813FD80283AB730009F8CF0 /* GalleryNewslineModel.swift */; };
		B813FD83283AC5E1009F8CF0 /* DetailView.swift in Sources */ = {isa = PBXBuildFile; fileRef = B813FD82283AC5E1009F8CF0 /* DetailView.swift */; };
		B83B19B8283ADCCE00B3A62F /* URLWebView.swift in Sources */ = {isa = PBXBuildFile; fileRef = B83B19B7283ADCCD00B3A62F /* URLWebView.swift */; };
		B88AB6AC283946D8000B9676 /* BGSoftApp.swift in Sources */ = {isa = PBXBuildFile; fileRef = B88AB6AB283946D8000B9676 /* BGSoftApp.swift */; };
		B88AB6AE283946D8000B9676 /* ContentView.swift in Sources */ = {isa = PBXBuildFile; fileRef = B88AB6AD283946D8000B9676 /* ContentView.swift */; };
		B88AB6B0283946D9000B9676 /* Assets.xcassets in Resources */ = {isa = PBXBuildFile; fileRef = B88AB6AF283946D9000B9676 /* Assets.xcassets */; };
		B88AB6B3283946D9000B9676 /* Preview Assets.xcassets in Resources */ = {isa = PBXBuildFile; fileRef = B88AB6B2283946D9000B9676 /* Preview Assets.xcassets */; };
		B88AB6BE2839495A000B9676 /* GalleryView.swift in Sources */ = {isa = PBXBuildFile; fileRef = B88AB6BD2839495A000B9676 /* GalleryView.swift */; };
		B88AB6C028394968000B9676 /* GalleryViewModel.swift in Sources */ = {isa = PBXBuildFile; fileRef = B88AB6BF28394968000B9676 /* GalleryViewModel.swift */; };
		B88AB6C228394A33000B9676 /* NetworkManager.swift in Sources */ = {isa = PBXBuildFile; fileRef = B88AB6C128394A33000B9676 /* NetworkManager.swift */; };
		B88AB6C428394A42000B9676 /* NetworkResponse.swift in Sources */ = {isa = PBXBuildFile; fileRef = B88AB6C328394A42000B9676 /* NetworkResponse.swift */; };
		B88AB6C728395261000B9676 /* NetworkError.swift in Sources */ = {isa = PBXBuildFile; fileRef = B88AB6C628395261000B9676 /* NetworkError.swift */; };
/* End PBXBuildFile section */

/* Begin PBXFileReference section */
		B813FD7C283A5021009F8CF0 /* PresentationView.swift */ = {isa = PBXFileReference; lastKnownFileType = sourcecode.swift; path = PresentationView.swift; sourceTree = "<group>"; };
		B813FD7E283A72F8009F8CF0 /* Info.plist */ = {isa = PBXFileReference; lastKnownFileType = text.plist; path = Info.plist; sourceTree = "<group>"; };
		B813FD80283AB730009F8CF0 /* GalleryNewslineModel.swift */ = {isa = PBXFileReference; lastKnownFileType = sourcecode.swift; path = GalleryNewslineModel.swift; sourceTree = "<group>"; };
		B813FD82283AC5E1009F8CF0 /* DetailView.swift */ = {isa = PBXFileReference; lastKnownFileType = sourcecode.swift; path = DetailView.swift; sourceTree = "<group>"; };
		B83B19B7283ADCCD00B3A62F /* URLWebView.swift */ = {isa = PBXFileReference; lastKnownFileType = sourcecode.swift; path = URLWebView.swift; sourceTree = "<group>"; };
		B88AB6A8283946D8000B9676 /* BGSoft.app */ = {isa = PBXFileReference; explicitFileType = wrapper.application; includeInIndex = 0; path = BGSoft.app; sourceTree = BUILT_PRODUCTS_DIR; };
		B88AB6AB283946D8000B9676 /* BGSoftApp.swift */ = {isa = PBXFileReference; lastKnownFileType = sourcecode.swift; path = BGSoftApp.swift; sourceTree = "<group>"; };
		B88AB6AD283946D8000B9676 /* ContentView.swift */ = {isa = PBXFileReference; lastKnownFileType = sourcecode.swift; path = ContentView.swift; sourceTree = "<group>"; };
		B88AB6AF283946D9000B9676 /* Assets.xcassets */ = {isa = PBXFileReference; lastKnownFileType = folder.assetcatalog; path = Assets.xcassets; sourceTree = "<group>"; };
		B88AB6B2283946D9000B9676 /* Preview Assets.xcassets */ = {isa = PBXFileReference; lastKnownFileType = folder.assetcatalog; path = "Preview Assets.xcassets"; sourceTree = "<group>"; };
		B88AB6BD2839495A000B9676 /* GalleryView.swift */ = {isa = PBXFileReference; lastKnownFileType = sourcecode.swift; path = GalleryView.swift; sourceTree = "<group>"; };
		B88AB6BF28394968000B9676 /* GalleryViewModel.swift */ = {isa = PBXFileReference; lastKnownFileType = sourcecode.swift; path = GalleryViewModel.swift; sourceTree = "<group>"; };
		B88AB6C128394A33000B9676 /* NetworkManager.swift */ = {isa = PBXFileReference; lastKnownFileType = sourcecode.swift; path = NetworkManager.swift; sourceTree = "<group>"; };
		B88AB6C328394A42000B9676 /* NetworkResponse.swift */ = {isa = PBXFileReference; lastKnownFileType = sourcecode.swift; path = NetworkResponse.swift; sourceTree = "<group>"; };
		B88AB6C628395261000B9676 /* NetworkError.swift */ = {isa = PBXFileReference; lastKnownFileType = sourcecode.swift; path = NetworkError.swift; sourceTree = "<group>"; };
/* End PBXFileReference section */

/* Begin PBXFrameworksBuildPhase section */
		B88AB6A5283946D8000B9676 /* Frameworks */ = {
			isa = PBXFrameworksBuildPhase;
			buildActionMask = 2147483647;
			files = (
			);
			runOnlyForDeploymentPostprocessing = 0;
		};
/* End PBXFrameworksBuildPhase section */

/* Begin PBXGroup section */
		B813FD7F283AB67A009F8CF0 /* Models */ = {
			isa = PBXGroup;
			children = (
				B813FD80283AB730009F8CF0 /* GalleryNewslineModel.swift */,
			);
			path = Models;
			sourceTree = "<group>";
		};
		B88AB69F283946D8000B9676 = {
			isa = PBXGroup;
			children = (
				B88AB6AA283946D8000B9676 /* BGSoft */,
				B88AB6A9283946D8000B9676 /* Products */,
			);
			sourceTree = "<group>";
		};
		B88AB6A9283946D8000B9676 /* Products */ = {
			isa = PBXGroup;
			children = (
				B88AB6A8283946D8000B9676 /* BGSoft.app */,
			);
			name = Products;
			sourceTree = "<group>";
		};
		B88AB6AA283946D8000B9676 /* BGSoft */ = {
			isa = PBXGroup;
			children = (
				B813FD7E283A72F8009F8CF0 /* Info.plist */,
				B88AB6AB283946D8000B9676 /* BGSoftApp.swift */,
				B88AB6BA283948EB000B9676 /* Network */,
				B88AB6B9283948DB000B9676 /* Navigation */,
				B88AB6BB2839490B000B9676 /* Views */,
				B88AB6BC2839491A000B9676 /* ViewModels */,
				B813FD7F283AB67A009F8CF0 /* Models */,
				B88AB6C528394CB3000B9676 /* Components */,
				B88AB6AF283946D9000B9676 /* Assets.xcassets */,
				B88AB6B1283946D9000B9676 /* Preview Content */,
			);
			path = BGSoft;
			sourceTree = "<group>";
		};
		B88AB6B1283946D9000B9676 /* Preview Content */ = {
			isa = PBXGroup;
			children = (
				B88AB6B2283946D9000B9676 /* Preview Assets.xcassets */,
			);
			path = "Preview Content";
			sourceTree = "<group>";
		};
		B88AB6B9283948DB000B9676 /* Navigation */ = {
			isa = PBXGroup;
			children = (
				B88AB6AD283946D8000B9676 /* ContentView.swift */,
			);
			path = Navigation;
			sourceTree = "<group>";
		};
		B88AB6BA283948EB000B9676 /* Network */ = {
			isa = PBXGroup;
			children = (
				B88AB6C128394A33000B9676 /* NetworkManager.swift */,
				B88AB6C328394A42000B9676 /* NetworkResponse.swift */,
				B88AB6C628395261000B9676 /* NetworkError.swift */,
			);
			path = Network;
			sourceTree = "<group>";
		};
		B88AB6BB2839490B000B9676 /* Views */ = {
			isa = PBXGroup;
			children = (
				B88AB6BD2839495A000B9676 /* GalleryView.swift */,
			);
			path = Views;
			sourceTree = "<group>";
		};
		B88AB6BC2839491A000B9676 /* ViewModels */ = {
			isa = PBXGroup;
			children = (
				B88AB6BF28394968000B9676 /* GalleryViewModel.swift */,
			);
			path = ViewModels;
			sourceTree = "<group>";
		};
		B88AB6C528394CB3000B9676 /* Components */ = {
			isa = PBXGroup;
			children = (
				B813FD7C283A5021009F8CF0 /* PresentationView.swift */,
				B813FD82283AC5E1009F8CF0 /* DetailView.swift */,
				B83B19B7283ADCCD00B3A62F /* URLWebView.swift */,
			);
			path = Components;
			sourceTree = "<group>";
		};
/* End PBXGroup section */

/* Begin PBXNativeTarget section */
		B88AB6A7283946D8000B9676 /* BGSoft */ = {
			isa = PBXNativeTarget;
			buildConfigurationList = B88AB6B6283946D9000B9676 /* Build configuration list for PBXNativeTarget "BGSoft" */;
			buildPhases = (
				B88AB6A4283946D8000B9676 /* Sources */,
				B88AB6A5283946D8000B9676 /* Frameworks */,
				B88AB6A6283946D8000B9676 /* Resources */,
			);
			buildRules = (
			);
			dependencies = (
			);
			name = BGSoft;
			productName = BGSoft;
			productReference = B88AB6A8283946D8000B9676 /* BGSoft.app */;
			productType = "com.apple.product-type.application";
		};
/* End PBXNativeTarget section */

/* Begin PBXProject section */
		B88AB6A0283946D8000B9676 /* Project object */ = {
			isa = PBXProject;
			attributes = {
				BuildIndependentTargetsInParallel = 1;
				LastSwiftUpdateCheck = 1330;
				LastUpgradeCheck = 1330;
				TargetAttributes = {
					B88AB6A7283946D8000B9676 = {
						CreatedOnToolsVersion = 13.3.1;
					};
				};
			};
			buildConfigurationList = B88AB6A3283946D8000B9676 /* Build configuration list for PBXProject "BGSoft" */;
			compatibilityVersion = "Xcode 13.0";
			developmentRegion = en;
			hasScannedForEncodings = 0;
			knownRegions = (
				en,
				Base,
			);
			mainGroup = B88AB69F283946D8000B9676;
			productRefGroup = B88AB6A9283946D8000B9676 /* Products */;
			projectDirPath = "";
			projectRoot = "";
			targets = (
				B88AB6A7283946D8000B9676 /* BGSoft */,
			);
		};
/* End PBXProject section */

/* Begin PBXResourcesBuildPhase section */
		B88AB6A6283946D8000B9676 /* Resources */ = {
			isa = PBXResourcesBuildPhase;
			buildActionMask = 2147483647;
			files = (
				B88AB6B3283946D9000B9676 /* Preview Assets.xcassets in Resources */,
				B88AB6B0283946D9000B9676 /* Assets.xcassets in Resources */,
			);
			runOnlyForDeploymentPostprocessing = 0;
		};
/* End PBXResourcesBuildPhase section */

/* Begin PBXSourcesBuildPhase section */
		B88AB6A4283946D8000B9676 /* Sources */ = {
			isa = PBXSourcesBuildPhase;
			buildActionMask = 2147483647;
			files = (
				B813FD7D283A5021009F8CF0 /* PresentationView.swift in Sources */,
				B88AB6AE283946D8000B9676 /* ContentView.swift in Sources */,
				B88AB6C728395261000B9676 /* NetworkError.swift in Sources */,
				B813FD83283AC5E1009F8CF0 /* DetailView.swift in Sources */,
				B813FD81283AB730009F8CF0 /* GalleryNewslineModel.swift in Sources */,
				B88AB6C028394968000B9676 /* GalleryViewModel.swift in Sources */,
				B88AB6C228394A33000B9676 /* NetworkManager.swift in Sources */,
				B88AB6BE2839495A000B9676 /* GalleryView.swift in Sources */,
				B83B19B8283ADCCE00B3A62F /* URLWebView.swift in Sources */,
				B88AB6AC283946D8000B9676 /* BGSoftApp.swift in Sources */,
				B88AB6C428394A42000B9676 /* NetworkResponse.swift in Sources */,
			);
			runOnlyForDeploymentPostprocessing = 0;
		};
/* End PBXSourcesBuildPhase section */

/* Begin XCBuildConfiguration section */
		B88AB6B4283946D9000B9676 /* Debug */ = {
			isa = XCBuildConfiguration;
			buildSettings = {
				ALWAYS_SEARCH_USER_PATHS = NO;
				CLANG_ANALYZER_NONNULL = YES;
				CLANG_ANALYZER_NUMBER_OBJECT_CONVERSION = YES_AGGRESSIVE;
				CLANG_CXX_LANGUAGE_STANDARD = "gnu++17";
				CLANG_ENABLE_MODULES = YES;
				CLANG_ENABLE_OBJC_ARC = YES;
				CLANG_ENABLE_OBJC_WEAK = YES;
				CLANG_WARN_BLOCK_CAPTURE_AUTORELEASING = YES;
				CLANG_WARN_BOOL_CONVERSION = YES;
				CLANG_WARN_COMMA = YES;
				CLANG_WARN_CONSTANT_CONVERSION = YES;
				CLANG_WARN_DEPRECATED_OBJC_IMPLEMENTATIONS = YES;
				CLANG_WARN_DIRECT_OBJC_ISA_USAGE = YES_ERROR;
				CLANG_WARN_DOCUMENTATION_COMMENTS = YES;
				CLANG_WARN_EMPTY_BODY = YES;
				CLANG_WARN_ENUM_CONVERSION = YES;
				CLANG_WARN_INFINITE_RECURSION = YES;
				CLANG_WARN_INT_CONVERSION = YES;
				CLANG_WARN_NON_LITERAL_NULL_CONVERSION = YES;
				CLANG_WARN_OBJC_IMPLICIT_RETAIN_SELF = YES;
				CLANG_WARN_OBJC_LITERAL_CONVERSION = YES;
				CLANG_WARN_OBJC_ROOT_CLASS = YES_ERROR;
				CLANG_WARN_QUOTED_INCLUDE_IN_FRAMEWORK_HEADER = YES;
				CLANG_WARN_RANGE_LOOP_ANALYSIS = YES;
				CLANG_WARN_STRICT_PROTOTYPES = YES;
				CLANG_WARN_SUSPICIOUS_MOVE = YES;
				CLANG_WARN_UNGUARDED_AVAILABILITY = YES_AGGRESSIVE;
				CLANG_WARN_UNREACHABLE_CODE = YES;
				CLANG_WARN__DUPLICATE_METHOD_MATCH = YES;
				COPY_PHASE_STRIP = NO;
				DEBUG_INFORMATION_FORMAT = dwarf;
				ENABLE_STRICT_OBJC_MSGSEND = YES;
				ENABLE_TESTABILITY = YES;
				GCC_C_LANGUAGE_STANDARD = gnu11;
				GCC_DYNAMIC_NO_PIC = NO;
				GCC_NO_COMMON_BLOCKS = YES;
				GCC_OPTIMIZATION_LEVEL = 0;
				GCC_PREPROCESSOR_DEFINITIONS = (
					"DEBUG=1",
					"$(inherited)",
				);
				GCC_WARN_64_TO_32_BIT_CONVERSION = YES;
				GCC_WARN_ABOUT_RETURN_TYPE = YES_ERROR;
				GCC_WARN_UNDECLARED_SELECTOR = YES;
				GCC_WARN_UNINITIALIZED_AUTOS = YES_AGGRESSIVE;
				GCC_WARN_UNUSED_FUNCTION = YES;
				GCC_WARN_UNUSED_VARIABLE = YES;
				IPHONEOS_DEPLOYMENT_TARGET = 15.4;
				MTL_ENABLE_DEBUG_INFO = INCLUDE_SOURCE;
				MTL_FAST_MATH = YES;
				ONLY_ACTIVE_ARCH = YES;
				SDKROOT = iphoneos;
				SWIFT_ACTIVE_COMPILATION_CONDITIONS = DEBUG;
				SWIFT_OPTIMIZATION_LEVEL = "-Onone";
			};
			name = Debug;
		};
		B88AB6B5283946D9000B9676 /* Release */ = {
			isa = XCBuildConfiguration;
			buildSettings = {
				ALWAYS_SEARCH_USER_PATHS = NO;
				CLANG_ANALYZER_NONNULL = YES;
				CLANG_ANALYZER_NUMBER_OBJECT_CONVERSION = YES_AGGRESSIVE;
				CLANG_CXX_LANGUAGE_STANDARD = "gnu++17";
				CLANG_ENABLE_MODULES = YES;
				CLANG_ENABLE_OBJC_ARC = YES;
				CLANG_ENABLE_OBJC_WEAK = YES;
				CLANG_WARN_BLOCK_CAPTURE_AUTORELEASING = YES;
				CLANG_WARN_BOOL_CONVERSION = YES;
				CLANG_WARN_COMMA = YES;
				CLANG_WARN_CONSTANT_CONVERSION = YES;
				CLANG_WARN_DEPRECATED_OBJC_IMPLEMENTATIONS = YES;
				CLANG_WARN_DIRECT_OBJC_ISA_USAGE = YES_ERROR;
				CLANG_WARN_DOCUMENTATION_COMMENTS = YES;
				CLANG_WARN_EMPTY_BODY = YES;
				CLANG_WARN_ENUM_CONVERSION = YES;
				CLANG_WARN_INFINITE_RECURSION = YES;
				CLANG_WARN_INT_CONVERSION = YES;
				CLANG_WARN_NON_LITERAL_NULL_CONVERSION = YES;
				CLANG_WARN_OBJC_IMPLICIT_RETAIN_SELF = YES;
				CLANG_WARN_OBJC_LITERAL_CONVERSION = YES;
				CLANG_WARN_OBJC_ROOT_CLASS = YES_ERROR;
				CLANG_WARN_QUOTED_INCLUDE_IN_FRAMEWORK_HEADER = YES;
				CLANG_WARN_RANGE_LOOP_ANALYSIS = YES;
				CLANG_WARN_STRICT_PROTOTYPES = YES;
				CLANG_WARN_SUSPICIOUS_MOVE = YES;
				CLANG_WARN_UNGUARDED_AVAILABILITY = YES_AGGRESSIVE;
				CLANG_WARN_UNREACHABLE_CODE = YES;
				CLANG_WARN__DUPLICATE_METHOD_MATCH = YES;
				COPY_PHASE_STRIP = NO;
				DEBUG_INFORMATION_FORMAT = "dwarf-with-dsym";
				ENABLE_NS_ASSERTIONS = NO;
				ENABLE_STRICT_OBJC_MSGSEND = YES;
				GCC_C_LANGUAGE_STANDARD = gnu11;
				GCC_NO_COMMON_BLOCKS = YES;
				GCC_WARN_64_TO_32_BIT_CONVERSION = YES;
				GCC_WARN_ABOUT_RETURN_TYPE = YES_ERROR;
				GCC_WARN_UNDECLARED_SELECTOR = YES;
				GCC_WARN_UNINITIALIZED_AUTOS = YES_AGGRESSIVE;
				GCC_WARN_UNUSED_FUNCTION = YES;
				GCC_WARN_UNUSED_VARIABLE = YES;
				IPHONEOS_DEPLOYMENT_TARGET = 15.4;
				MTL_ENABLE_DEBUG_INFO = NO;
				MTL_FAST_MATH = YES;
				SDKROOT = iphoneos;
				SWIFT_COMPILATION_MODE = wholemodule;
				SWIFT_OPTIMIZATION_LEVEL = "-O";
				VALIDATE_PRODUCT = YES;
			};
			name = Release;
		};
		B88AB6B7283946D9000B9676 /* Debug */ = {
			isa = XCBuildConfiguration;
			buildSettings = {
				ASSETCATALOG_COMPILER_APPICON_NAME = AppIcon;
				ASSETCATALOG_COMPILER_GLOBAL_ACCENT_COLOR_NAME = AccentColor;
				CODE_SIGN_STYLE = Automatic;
				CURRENT_PROJECT_VERSION = 1;
				DEVELOPMENT_ASSET_PATHS = "\"BGSoft/Preview Content\"";
				DEVELOPMENT_TEAM = 5998BU97D3;
				ENABLE_PREVIEWS = YES;
				GENERATE_INFOPLIST_FILE = YES;
				INFOPLIST_FILE = BGSoft/Info.plist;
				INFOPLIST_KEY_UIApplicationSceneManifest_Generation = YES;
				INFOPLIST_KEY_UIApplicationSupportsIndirectInputEvents = YES;
				INFOPLIST_KEY_UILaunchScreen_Generation = YES;
				INFOPLIST_KEY_UISupportedInterfaceOrientations_iPad = "UIInterfaceOrientationPortrait UIInterfaceOrientationPortraitUpsideDown UIInterfaceOrientationLandscapeLeft UIInterfaceOrientationLandscapeRight";
				INFOPLIST_KEY_UISupportedInterfaceOrientations_iPhone = "UIInterfaceOrientationPortrait UIInterfaceOrientationLandscapeLeft UIInterfaceOrientationLandscapeRight";
				LD_RUNPATH_SEARCH_PATHS = (
					"$(inherited)",
					"@executable_path/Frameworks",
				);
				MARKETING_VERSION = 1.0;
				PRODUCT_BUNDLE_IDENTIFIER = artemiykutasevich.BGSoft;
				PRODUCT_NAME = "$(TARGET_NAME)";
				SWIFT_EMIT_LOC_STRINGS = YES;
				SWIFT_VERSION = 5.0;
				TARGETED_DEVICE_FAMILY = "1,2";
			};
			name = Debug;
		};
		B88AB6B8283946D9000B9676 /* Release */ = {
			isa = XCBuildConfiguration;
			buildSettings = {
				ASSETCATALOG_COMPILER_APPICON_NAME = AppIcon;
				ASSETCATALOG_COMPILER_GLOBAL_ACCENT_COLOR_NAME = AccentColor;
				CODE_SIGN_STYLE = Automatic;
				CURRENT_PROJECT_VERSION = 1;
				DEVELOPMENT_ASSET_PATHS = "\"BGSoft/Preview Content\"";
				DEVELOPMENT_TEAM = 5998BU97D3;
				ENABLE_PREVIEWS = YES;
				GENERATE_INFOPLIST_FILE = YES;
				INFOPLIST_FILE = BGSoft/Info.plist;
				INFOPLIST_KEY_UIApplicationSceneManifest_Generation = YES;
				INFOPLIST_KEY_UIApplicationSupportsIndirectInputEvents = YES;
				INFOPLIST_KEY_UILaunchScreen_Generation = YES;
				INFOPLIST_KEY_UISupportedInterfaceOrientations_iPad = "UIInterfaceOrientationPortrait UIInterfaceOrientationPortraitUpsideDown UIInterfaceOrientationLandscapeLeft UIInterfaceOrientationLandscapeRight";
				INFOPLIST_KEY_UISupportedInterfaceOrientations_iPhone = "UIInterfaceOrientationPortrait UIInterfaceOrientationLandscapeLeft UIInterfaceOrientationLandscapeRight";
				LD_RUNPATH_SEARCH_PATHS = (
					"$(inherited)",
					"@executable_path/Frameworks",
				);
				MARKETING_VERSION = 1.0;
				PRODUCT_BUNDLE_IDENTIFIER = artemiykutasevich.BGSoft;
				PRODUCT_NAME = "$(TARGET_NAME)";
				SWIFT_EMIT_LOC_STRINGS = YES;
				SWIFT_VERSION = 5.0;
				TARGETED_DEVICE_FAMILY = "1,2";
			};
			name = Release;
		};
/* End XCBuildConfiguration section */

/* Begin XCConfigurationList section */
		B88AB6A3283946D8000B9676 /* Build configuration list for PBXProject "BGSoft" */ = {
			isa = XCConfigurationList;
			buildConfigurations = (
				B88AB6B4283946D9000B9676 /* Debug */,
				B88AB6B5283946D9000B9676 /* Release */,
			);
			defaultConfigurationIsVisible = 0;
			defaultConfigurationName = Release;
		};
		B88AB6B6283946D9000B9676 /* Build configuration list for PBXNativeTarget "BGSoft" */ = {
			isa = XCConfigurationList;
			buildConfigurations = (
				B88AB6B7283946D9000B9676 /* Debug */,
				B88AB6B8283946D9000B9676 /* Release */,
			);
			defaultConfigurationIsVisible = 0;
			defaultConfigurationName = Release;
		};
/* End XCConfigurationList section */
	};
	rootObject = B88AB6A0283946D8000B9676 /* Project object */;
}
